// !$*UTF8*$!
{
	archiveVersion = 1;
	classes = {
	};
	objectVersion = 110;
	objects = {

/* Begin PBXContainerItemProxy section */
		7F31EFA22FE60E1800C6026D /* PBXContainerItemProxy */ = {
			isa = PBXContainerItemProxy;
			containerPortal = 7F31EF892FE60E1700C6026D /* Project object */;
			proxyType = 1;
			remoteGlobalIDString = 7F31EF902FE60E1700C6026D;
			remoteInfo = Inkling;
		};
		7F31EFAC2FE60E1800C6026D /* PBXContainerItemProxy */ = {
			isa = PBXContainerItemProxy;
			containerPortal = 7F31EF892FE60E1700C6026D /* Project object */;
			proxyType = 1;
			remoteGlobalIDString = 7F31EF902FE60E1700C6026D;
			remoteInfo = Inkling;
		};
/* End PBXContainerItemProxy section */

/* Begin PBXFileReference section */
		7F31EF912FE60E1700C6026D /* Inkling.app */ = {isa = PBXFileReference; explicitFileType = wrapper.application; includeInIndex = 0; path = Inkling.app; sourceTree = BUILT_PRODUCTS_DIR; };
		7F31EFA12FE60E1800C6026D /* InklingTests.xctest */ = {isa = PBXFileReference; explicitFileType = wrapper.cfbundle; includeInIndex = 0; path = InklingTests.xctest; sourceTree = BUILT_PRODUCTS_DIR; };
		7F31EFAB2FE60E1800C6026D /* InklingUITests.xctest */ = {isa = PBXFileReference; explicitFileType = wrapper.cfbundle; includeInIndex = 0; path = InklingUITests.xctest; sourceTree = BUILT_PRODUCTS_DIR; };
/* End PBXFileReference section */

/* Begin PBXFileSystemSynchronizedBuildFileExceptionSet section */
		7F31EFB12FE60E1800C6026D /* Exceptions for "Inkling" folder in "Inkling" target */ = {
			isa = PBXFileSystemSynchronizedBuildFileExceptionSet;
			membershipExceptions = (
				Info.plist,
			);
			target = 7F31EF902FE60E1700C6026D /* Inkling */;
		};
/* End PBXFileSystemSynchronizedBuildFileExceptionSet section */

/* Begin PBXFileSystemSynchronizedRootGroup section */
		7F31EF932FE60E1700C6026D /* Inkling */ = {
			isa = PBXFileSystemSynchronizedRootGroup;
			exceptions = (
				7F31EFB12FE60E1800C6026D /* Exceptions for "Inkling" folder in "Inkling" target */,
			);
			path = Inkling;
			sourceTree = "<group>";
		};
		7F31EFA42FE60E1800C6026D /* InklingTests */ = {
			isa = PBXFileSystemSynchronizedRootGroup;
			path = InklingTests;
			sourceTree = "<group>";
		};
		7F31EFAE2FE60E1800C6026D /* InklingUITests */ = {
			isa = PBXFileSystemSynchronizedRootGroup;
			path = InklingUITests;
			sourceTree = "<group>";
		};
/* End PBXFileSystemSynchronizedRootGroup section */

/* Begin PBXFrameworksBuildPhase section */
		7F31EF8E2FE60E1700C6026D /* Frameworks */ = {
			isa = PBXFrameworksBuildPhase;
			files = (
			);
		};
		7F31EF9E2FE60E1800C6026D /* Frameworks */ = {
			isa = PBXFrameworksBuildPhase;
			files = (
			);
		};
		7F31EFA82FE60E1800C6026D /* Frameworks */ = {
			isa = PBXFrameworksBuildPhase;
			files = (
			);
		};
/* End PBXFrameworksBuildPhase section */

/* Begin PBXGroup section */
		7F31EF882FE60E1700C6026D = {
			isa = PBXGroup;
			children = (
				7F31EF932FE60E1700C6026D /* Inkling */,
				7F31EFA42FE60E1800C6026D /* InklingTests */,
				7F31EFAE2FE60E1800C6026D /* InklingUITests */,
				7F31EF922FE60E1700C6026D /* Products */,
			);
			sourceTree = "<group>";
		};
		7F31EF922FE60E1700C6026D /* Products */ = {
			isa = PBXGroup;
			children = (
				7F31EF912FE60E1700C6026D /* Inkling.app */,
				7F31EFA12FE60E1800C6026D /* InklingTests.xctest */,
				7F31EFAB2FE60E1800C6026D /* InklingUITests.xctest */,
			);
			name = Products;
			sourceTree = "<group>";
		};
/* End PBXGroup section */

/* Begin PBXNativeTarget section */
		7F31EF902FE60E1700C6026D /* Inkling */ = {
			isa = PBXNativeTarget;
			buildConfigurationList = 7F31EFB22FE60E1800C6026D /* Build configuration list for PBXNativeTarget "Inkling" */;
			buildPhases = (
				7F31EF8D2FE60E1700C6026D /* Sources */,
				7F31EF8E2FE60E1700C6026D /* Frameworks */,
				7F31EF8F2FE60E1700C6026D /* Resources */,
			);
			buildRules = (
			);
			fileSystemSynchronizedGroups = (
				7F31EF932FE60E1700C6026D /* Inkling */,
			);
			name = Inkling;
			productName = Inkling;
			productReference = 7F31EF912FE60E1700C6026D /* Inkling.app */;
			productType = "com.apple.product-type.application";
		};
		7F31EFA02FE60E1800C6026D /* InklingTests */ = {
			isa = PBXNativeTarget;
			buildConfigurationList = 7F31EFB72FE60E1800C6026D /* Build configuration list for PBXNativeTarget "InklingTests" */;
			buildPhases = (
				7F31EF9D2FE60E1800C6026D /* Sources */,
				7F31EF9E2FE60E1800C6026D /* Frameworks */,
				7F31EF9F2FE60E1800C6026D /* Resources */,
			);
			buildRules = (
			);
			dependencies = (
				7F31EFA32FE60E1800C6026D /* PBXTargetDependency */,
			);
			fileSystemSynchronizedGroups = (
				7F31EFA42FE60E1800C6026D /* InklingTests */,
			);
			name = InklingTests;
			productName = InklingTests;
			productReference = 7F31EFA12FE60E1800C6026D /* InklingTests.xctest */;
			productType = "com.apple.product-type.bundle.unit-test";
		};
		7F31EFAA2FE60E1800C6026D /* InklingUITests */ = {
			isa = PBXNativeTarget;
			buildConfigurationList = 7F31EFBA2FE60E1800C6026D /* Build configuration list for PBXNativeTarget "InklingUITests" */;
			buildPhases = (
				7F31EFA72FE60E1800C6026D /* Sources */,
				7F31EFA82FE60E1800C6026D /* Frameworks */,
				7F31EFA92FE60E1800C6026D /* Resources */,
			);
			buildRules = (
			);
			dependencies = (
				7F31EFAD2FE60E1800C6026D /* PBXTargetDependency */,
			);
			fileSystemSynchronizedGroups = (
				7F31EFAE2FE60E1800C6026D /* InklingUITests */,
			);
			name = InklingUITests;
			productName = InklingUITests;
			productReference = 7F31EFAB2FE60E1800C6026D /* InklingUITests.xctest */;
			productType = "com.apple.product-type.bundle.ui-testing";
		};
/* End PBXNativeTarget section */

/* Begin PBXProject section */
		7F31EF892FE60E1700C6026D /* Project object */ = {
			isa = PBXProject;
			attributes = {
				BuildIndependentTargetsInParallel = 1;
				LastSwiftUpdateCheck = 2700;
				LastUpgradeCheck = 2700;
				TargetAttributes = {
					7F31EF902FE60E1700C6026D = {
						CreatedOnToolsVersion = 27.0;
					};
					7F31EFA02FE60E1800C6026D = {
						CreatedOnToolsVersion = 27.0;
						TestTargetID = 7F31EF902FE60E1700C6026D;
					};
					7F31EFAA2FE60E1800C6026D = {
						CreatedOnToolsVersion = 27.0;
						TestTargetID = 7F31EF902FE60E1700C6026D;
					};
				};
			};
			buildConfigurationList = 7F31EF8C2FE60E1700C6026D /* Build configuration list for PBXProject "Inkling" */;
			developmentRegion = en;
			hasScannedForEncodings = 0;
			knownRegions = (
				en,
				Base,
			);
			mainGroup = 7F31EF882FE60E1700C6026D;
			minimizedProjectReferenceProxies = 1;
			preferredProjectObjectVersion = 77;
			productRefGroup = 7F31EF922FE60E1700C6026D /* Products */;
			projectDirPath = "";
			projectRoot = "";
			targets = (
				7F31EF902FE60E1700C6026D /* Inkling */,
				7F31EFA02FE60E1800C6026D /* InklingTests */,
				7F31EFAA2FE60E1800C6026D /* InklingUITests */,
			);
		};
/* End PBXProject section */

/* Begin PBXResourcesBuildPhase section */
		7F31EF8F2FE60E1700C6026D /* Resources */ = {
			isa = PBXResourcesBuildPhase;
			files = (
			);
		};
		7F31EF9F2FE60E1800C6026D /* Resources */ = {
			isa = PBXResourcesBuildPhase;
			files = (
			);
		};
		7F31EFA92FE60E1800C6026D /* Resources */ = {
			isa = PBXResourcesBuildPhase;
			files = (
			);
		};
/* End PBXResourcesBuildPhase section */

/* Begin PBXSourcesBuildPhase section */
		7F31EF8D2FE60E1700C6026D /* Sources */ = {
			isa = PBXSourcesBuildPhase;
			files = (
			);
		};
		7F31EF9D2FE60E1800C6026D /* Sources */ = {
			isa = PBXSourcesBuildPhase;
			files = (
			);
		};
		7F31EFA72FE60E1800C6026D /* Sources */ = {
			isa = PBXSourcesBuildPhase;
			files = (
			);
		};
/* End PBXSourcesBuildPhase section */

/* Begin PBXTargetDependency section */
		7F31EFA32FE60E1800C6026D /* PBXTargetDependency */ = {
			isa = PBXTargetDependency;
			target = 7F31EF902FE60E1700C6026D /* Inkling */;
			targetProxy = 7F31EFA22FE60E1800C6026D /* PBXContainerItemProxy */;
		};
		7F31EFAD2FE60E1800C6026D /* PBXTargetDependency */ = {
			isa = PBXTargetDependency;
			target = 7F31EF902FE60E1700C6026D /* Inkling */;
			targetProxy = 7F31EFAC2FE60E1800C6026D /* PBXContainerItemProxy */;
		};
/* End PBXTargetDependency section */

/* Begin XCBuildConfiguration section */
		7F31EFB32FE60E1800C6026D /* Debug configuration for PBXNativeTarget "Inkling" */ = {
			isa = XCBuildConfiguration;
			buildSettings = {
				ASSETCATALOG_COMPILER_APPICON_NAME = AppIcon;
				ASSETCATALOG_COMPILER_GLOBAL_ACCENT_COLOR_NAME = AccentColor;
				CODE_SIGN_ENTITLEMENTS = Inkling/Inkling.entitlements;
				CODE_SIGN_STYLE = Automatic;
				COMBINE_HIDPI_IMAGES = YES;
				CURRENT_PROJECT_VERSION = 43;
				DEVELOPMENT_TEAM = 68TCQS7B4D;
				ENABLE_HARDENED_RUNTIME = YES;
				ENABLE_PREVIEWS = YES;
				GENERATE_INFOPLIST_FILE = YES;
				INFOPLIST_FILE = Inkling/Info.plist;
				INFOPLIST_KEY_CFBundleDisplayName = Inkling;
				INFOPLIST_KEY_LSApplicationCategoryType = "public.app-category.productivity";
				INFOPLIST_KEY_NSHumanReadableCopyright = "";
				LD_RUNPATH_SEARCH_PATHS = (
					"$(inherited)",
					"@executable_path/../Frameworks",
				);
				MACOSX_DEPLOYMENT_TARGET = 26;
				MARKETING_VERSION = 1.0;
				PRODUCT_BUNDLE_IDENTIFIER = com.washere.Inkling;
				PRODUCT_NAME = "$(TARGET_NAME)";
				REGISTER_APP_GROUPS = YES;
				STRING_CATALOG_GENERATE_SYMBOLS = YES;
				SWIFT_APPROACHABLE_CONCURRENCY = YES;
				SWIFT_DEFAULT_ACTOR_ISOLATION = MainActor;
				SWIFT_EMIT_LOC_STRINGS = YES;
				SWIFT_UPCOMING_FEATURE_MEMBER_IMPORT_VISIBILITY = YES;
				SWIFT_VERSION = 5.0;
			};
			name = Debug;
		};
		7F31EFB42FE60E1800C6026D /* Release configuration for PBXNativeTarget "Inkling" */ = {
			isa = XCBuildConfiguration;
			buildSettings = {
				ASSETCATALOG_COMPILER_APPICON_NAME = AppIcon;
				ASSETCATALOG_COMPILER_GLOBAL_ACCENT_COLOR_NAME = AccentColor;
				CODE_SIGN_ENTITLEMENTS = Inkling/Inkling.entitlements;
				CODE_SIGN_STYLE = Automatic;
				COMBINE_HIDPI_IMAGES = YES;
				CURRENT_PROJECT_VERSION = 43;
				DEVELOPMENT_TEAM = 68TCQS7B4D;
				ENABLE_HARDENED_RUNTIME = YES;
				ENABLE_PREVIEWS = YES;
				GENERATE_INFOPLIST_FILE = YES;
				INFOPLIST_FILE = Inkling/Info.plist;
				INFOPLIST_KEY_CFBundleDisplayName = Inkling;
				INFOPLIST_KEY_LSApplicationCategoryType = "public.app-category.productivity";
				INFOPLIST_KEY_NSHumanReadableCopyright = "";
				LD_RUNPATH_SEARCH_PATHS = (
					"$(inherited)",
					"@executable_path/../Frameworks",
				);
				MACOSX_DEPLOYMENT_TARGET = 26;
				MARKETING_VERSION = 1.0;
				PRODUCT_BUNDLE_IDENTIFIER = com.washere.Inkling;
				PRODUCT_NAME = "$(TARGET_NAME)";
				REGISTER_APP_GROUPS = YES;
				STRING_CATALOG_GENERATE_SYMBOLS = YES;
				SWIFT_APPROACHABLE_CONCURRENCY = YES;
				SWIFT_DEFAULT_ACTOR_ISOLATION = MainActor;
				SWIFT_EMIT_LOC_STRINGS = YES;
				SWIFT_UPCOMING_FEATURE_MEMBER_IMPORT_VISIBILITY = YES;
				SWIFT_VERSION = 5.0;
			};
			name = Release;
		};
		7F31EFB52FE60E1800C6026D /* Debug configuration for PBXProject "Inkling" */ = {
			isa = XCBuildConfiguration;
			buildSettings = {
				ALWAYS_SEARCH_USER_PATHS = NO;
				ASSETCATALOG_COMPILER_GENERATE_SWIFT_ASSET_SYMBOL_EXTENSIONS = YES;
				CLANG_ANALYZER_NONNULL = YES;
				CLANG_ANALYZER_NUMBER_OBJECT_CONVERSION = YES_AGGRESSIVE;
				CLANG_CXX_LANGUAGE_STANDARD = "gnu++20";
				CLANG_ENABLE_MODULES = YES;
				CLANG_ENABLE_OBJC_ARC = YES;
				CLANG_ENABLE_OBJC_WEAK = YES;
				CLANG_WARN_BLOCK_CAPTURE_AUTORELEASING = YES;
				CLANG_WARN_BOOL_CONVERSION = YES;
				CLANG_WARN_COMMA = YES;
				CLANG_WARN_CONSTANT_CONVERSION = YES;
				CLANG_WARN_DEPRECATED_OBJC_IMPLEMENTATIONS = YES;
				CLANG_WARN_DIRECT_OBJC_ISA_USAGE = YES_ERROR;
				CLANG_WARN_DOCUMENTATION_COMMENTS = YES;
				CLANG_WARN_EMPTY_BODY = YES;
				CLANG_WARN_ENUM_CONVERSION = YES;
				CLANG_WARN_INFINITE_RECURSION = YES;
				CLANG_WARN_INT_CONVERSION = YES;
				CLANG_WARN_NON_LITERAL_NULL_CONVERSION = YES;
				CLANG_WARN_OBJC_IMPLICIT_RETAIN_SELF = YES;
				CLANG_WARN_OBJC_LITERAL_CONVERSION = YES;
				CLANG_WARN_OBJC_ROOT_CLASS = YES_ERROR;
				CLANG_WARN_QUOTED_INCLUDE_IN_FRAMEWORK_HEADER = YES;
				CLANG_WARN_RANGE_LOOP_ANALYSIS = YES;
				CLANG_WARN_STRICT_PROTOTYPES = YES;
				CLANG_WARN_SUSPICIOUS_MOVE = YES;
				CLANG_WARN_UNGUARDED_AVAILABILITY = YES_AGGRESSIVE;
				CLANG_WARN_UNREACHABLE_CODE = YES;
				CLANG_WARN__DUPLICATE_METHOD_MATCH = YES;
				COPY_PHASE_STRIP = NO;
				DEBUG_INFORMATION_FORMAT = dwarf;
				DEVELOPMENT_TEAM = 68TCQS7B4D;
				ENABLE_STRICT_OBJC_MSGSEND = YES;
				ENABLE_TESTABILITY = YES;
				ENABLE_USER_SCRIPT_SANDBOXING = YES;
				GCC_C_LANGUAGE_STANDARD = gnu17;
				GCC_DYNAMIC_NO_PIC = NO;
				GCC_NO_COMMON_BLOCKS = YES;
				GCC_OPTIMIZATION_LEVEL = 0;
				GCC_PREPROCESSOR_DEFINITIONS = (
					"DEBUG=1",
					"$(inherited)",
				);
				GCC_WARN_64_TO_32_BIT_CONVERSION = YES;
				GCC_WARN_ABOUT_RETURN_TYPE = YES_ERROR;
				GCC_WARN_UNDECLARED_SELECTOR = YES;
				GCC_WARN_UNINITIALIZED_AUTOS = YES_AGGRESSIVE;
				GCC_WARN_UNUSED_FUNCTION = YES;
				GCC_WARN_UNUSED_VARIABLE = YES;
				LOCALIZATION_PREFERS_STRING_CATALOGS = YES;
				MACOSX_DEPLOYMENT_TARGET = 27.0;
				MTL_ENABLE_DEBUG_INFO = INCLUDE_SOURCE;
				MTL_FAST_MATH = YES;
				ONLY_ACTIVE_ARCH = YES;
				SDKROOT = macosx;
				SWIFT_ACTIVE_COMPILATION_CONDITIONS = "DEBUG $(inherited)";
				SWIFT_OPTIMIZATION_LEVEL = "-Onone";
			};
			name = Debug;
		};
		7F31EFB62FE60E1800C6026D /* Release configuration for PBXProject "Inkling" */ = {
			isa = XCBuildConfiguration;
			buildSettings = {
				ALWAYS_SEARCH_USER_PATHS = NO;
				ASSETCATALOG_COMPILER_GENERATE_SWIFT_ASSET_SYMBOL_EXTENSIONS = YES;
				CLANG_ANALYZER_NONNULL = YES;
				CLANG_ANALYZER_NUMBER_OBJECT_CONVERSION = YES_AGGRESSIVE;
				CLANG_CXX_LANGUAGE_STANDARD = "gnu++20";
				CLANG_ENABLE_MODULES = YES;
				CLANG_ENABLE_OBJC_ARC = YES;
				CLANG_ENABLE_OBJC_WEAK = YES;
				CLANG_WARN_BLOCK_CAPTURE_AUTORELEASING = YES;
				CLANG_WARN_BOOL_CONVERSION = YES;
				CLANG_WARN_COMMA = YES;
				CLANG_WARN_CONSTANT_CONVERSION = YES;
				CLANG_WARN_DEPRECATED_OBJC_IMPLEMENTATIONS = YES;
				CLANG_WARN_DIRECT_OBJC_ISA_USAGE = YES_ERROR;
				CLANG_WARN_DOCUMENTATION_COMMENTS = YES;
				CLANG_WARN_EMPTY_BODY = YES;
				CLANG_WARN_ENUM_CONVERSION = YES;
				CLANG_WARN_INFINITE_RECURSION = YES;
				CLANG_WARN_INT_CONVERSION = YES;
				CLANG_WARN_NON_LITERAL_NULL_CONVERSION = YES;
				CLANG_WARN_OBJC_IMPLICIT_RETAIN_SELF = YES;
				CLANG_WARN_OBJC_LITERAL_CONVERSION = YES;
				CLANG_WARN_OBJC_ROOT_CLASS = YES_ERROR;
				CLANG_WARN_QUOTED_INCLUDE_IN_FRAMEWORK_HEADER = YES;
				CLANG_WARN_RANGE_LOOP_ANALYSIS = YES;
				CLANG_WARN_STRICT_PROTOTYPES = YES;
				CLANG_WARN_SUSPICIOUS_MOVE = YES;
				CLANG_WARN_UNGUARDED_AVAILABILITY = YES_AGGRESSIVE;
				CLANG_WARN_UNREACHABLE_CODE = YES;
				CLANG_WARN__DUPLICATE_METHOD_MATCH = YES;
				COPY_PHASE_STRIP = NO;
				DEBUG_INFORMATION_FORMAT = "dwarf-with-dsym";
				DEVELOPMENT_TEAM = 68TCQS7B4D;
				ENABLE_NS_ASSERTIONS = NO;
				ENABLE_STRICT_OBJC_MSGSEND = YES;
				ENABLE_USER_SCRIPT_SANDBOXING = YES;
				GCC_C_LANGUAGE_STANDARD = gnu17;
				GCC_NO_COMMON_BLOCKS = YES;
				GCC_WARN_64_TO_32_BIT_CONVERSION = YES;
				GCC_WARN_ABOUT_RETURN_TYPE = YES_ERROR;
				GCC_WARN_UNDECLARED_SELECTOR = YES;
				GCC_WARN_UNINITIALIZED_AUTOS = YES_AGGRESSIVE;
				GCC_WARN_UNUSED_FUNCTION = YES;
				GCC_WARN_UNUSED_VARIABLE = YES;
				LOCALIZATION_PREFERS_STRING_CATALOGS = YES;
				MACOSX_DEPLOYMENT_TARGET = 27.0;
				MTL_ENABLE_DEBUG_INFO = NO;
				MTL_FAST_MATH = YES;
				SDKROOT = macosx;
				SWIFT_COMPILATION_MODE = wholemodule;
			};
			name = Release;
		};
		7F31EFB82FE60E1800C6026D /* Debug configuration for PBXNativeTarget "InklingTests" */ = {
			isa = XCBuildConfiguration;
			buildSettings = {
				BUNDLE_LOADER = "$(TEST_HOST)";
				CODE_SIGN_STYLE = Automatic;
				CURRENT_PROJECT_VERSION = 1;
				DEVELOPMENT_TEAM = 68TCQS7B4D;
				GENERATE_INFOPLIST_FILE = YES;
				MACOSX_DEPLOYMENT_TARGET = 27.0;
				MARKETING_VERSION = 1.0;
				PRODUCT_BUNDLE_IDENTIFIER = com.washere.InklingTests;
				PRODUCT_NAME = "$(TARGET_NAME)";
				STRING_CATALOG_GENERATE_SYMBOLS = NO;
				SWIFT_APPROACHABLE_CONCURRENCY = YES;
				SWIFT_EMIT_LOC_STRINGS = NO;
				SWIFT_UPCOMING_FEATURE_MEMBER_IMPORT_VISIBILITY = YES;
				SWIFT_VERSION = 5.0;
				TEST_HOST = "$(BUILT_PRODUCTS_DIR)/Inkling.app/$(BUNDLE_EXECUTABLE_FOLDER_PATH)/Inkling";
			};
			name = Debug;
		};
		7F31EFB92FE60E1800C6026D /* Release configuration for PBXNativeTarget "InklingTests" */ = {
			isa = XCBuildConfiguration;
			buildSettings = {
				BUNDLE_LOADER = "$(TEST_HOST)";
				CODE_SIGN_STYLE = Automatic;
				CURRENT_PROJECT_VERSION = 1;
				DEVELOPMENT_TEAM = 68TCQS7B4D;
				GENERATE_INFOPLIST_FILE = YES;
				MACOSX_DEPLOYMENT_TARGET = 27.0;
				MARKETING_VERSION = 1.0;
				PRODUCT_BUNDLE_IDENTIFIER = com.washere.InklingTests;
				PRODUCT_NAME = "$(TARGET_NAME)";
				STRING_CATALOG_GENERATE_SYMBOLS = NO;
				SWIFT_APPROACHABLE_CONCURRENCY = YES;
				SWIFT_EMIT_LOC_STRINGS = NO;
				SWIFT_UPCOMING_FEATURE_MEMBER_IMPORT_VISIBILITY = YES;
				SWIFT_VERSION = 5.0;
				TEST_HOST = "$(BUILT_PRODUCTS_DIR)/Inkling.app/$(BUNDLE_EXECUTABLE_FOLDER_PATH)/Inkling";
			};
			name = Release;
		};
		7F31EFBB2FE60E1800C6026D /* Debug configuration for PBXNativeTarget "InklingUITests" */ = {
			isa = XCBuildConfiguration;
			buildSettings = {
				CODE_SIGN_STYLE = Automatic;
				CURRENT_PROJECT_VERSION = 1;
				DEVELOPMENT_TEAM = 68TCQS7B4D;
				GENERATE_INFOPLIST_FILE = YES;
				MARKETING_VERSION = 1.0;
				PRODUCT_BUNDLE_IDENTIFIER = com.washere.InklingUITests;
				PRODUCT_NAME = "$(TARGET_NAME)";
				STRING_CATALOG_GENERATE_SYMBOLS = NO;
				SWIFT_APPROACHABLE_CONCURRENCY = YES;
				SWIFT_EMIT_LOC_STRINGS = NO;
				SWIFT_UPCOMING_FEATURE_MEMBER_IMPORT_VISIBILITY = YES;
				SWIFT_VERSION = 5.0;
				TEST_TARGET_NAME = Inkling;
			};
			name = Debug;
		};
		7F31EFBC2FE60E1800C6026D /* Release configuration for PBXNativeTarget "InklingUITests" */ = {
			isa = XCBuildConfiguration;
			buildSettings = {
				CODE_SIGN_STYLE = Automatic;
				CURRENT_PROJECT_VERSION = 1;
				DEVELOPMENT_TEAM = 68TCQS7B4D;
				GENERATE_INFOPLIST_FILE = YES;
				MARKETING_VERSION = 1.0;
				PRODUCT_BUNDLE_IDENTIFIER = com.washere.InklingUITests;
				PRODUCT_NAME = "$(TARGET_NAME)";
				STRING_CATALOG_GENERATE_SYMBOLS = NO;
				SWIFT_APPROACHABLE_CONCURRENCY = YES;
				SWIFT_EMIT_LOC_STRINGS = NO;
				SWIFT_UPCOMING_FEATURE_MEMBER_IMPORT_VISIBILITY = YES;
				SWIFT_VERSION = 5.0;
				TEST_TARGET_NAME = Inkling;
			};
			name = Release;
		};
/* End XCBuildConfiguration section */

/* Begin XCConfigurationList section */
		7F31EF8C2FE60E1700C6026D /* Build configuration list for PBXProject "Inkling" */ = {
			isa = XCConfigurationList;
			buildConfigurations = (
				7F31EFB52FE60E1800C6026D /* Debug configuration for PBXProject "Inkling" */,
				7F31EFB62FE60E1800C6026D /* Release configuration for PBXProject "Inkling" */,
			);
			defaultConfigurationName = Release;
		};
		7F31EFB22FE60E1800C6026D /* Build configuration list for PBXNativeTarget "Inkling" */ = {
			isa = XCConfigurationList;
			buildConfigurations = (
				7F31EFB32FE60E1800C6026D /* Debug configuration for PBXNativeTarget "Inkling" */,
				7F31EFB42FE60E1800C6026D /* Release configuration for PBXNativeTarget "Inkling" */,
			);
			defaultConfigurationName = Release;
		};
		7F31EFB72FE60E1800C6026D /* Build configuration list for PBXNativeTarget "InklingTests" */ = {
			isa = XCConfigurationList;
			buildConfigurations = (
				7F31EFB82FE60E1800C6026D /* Debug configuration for PBXNativeTarget "InklingTests" */,
				7F31EFB92FE60E1800C6026D /* Release configuration for PBXNativeTarget "InklingTests" */,
			);
			defaultConfigurationName = Release;
		};
		7F31EFBA2FE60E1800C6026D /* Build configuration list for PBXNativeTarget "InklingUITests" */ = {
			isa = XCConfigurationList;
			buildConfigurations = (
				7F31EFBB2FE60E1800C6026D /* Debug configuration for PBXNativeTarget "InklingUITests" */,
				7F31EFBC2FE60E1800C6026D /* Release configuration for PBXNativeTarget "InklingUITests" */,
			);
			defaultConfigurationName = Release;
		};
/* End XCConfigurationList section */
	};
	rootObject = 7F31EF892FE60E1700C6026D /* Project object */;
	validationLevel = 1;
}
